// !$*UTF8*$!
{
	archiveVersion = 1;
	classes = {
	};
	objectVersion = 56;
	objects = {

/* Begin PBXBuildFile section */
		F9EF2EDF2AB0C0C3001D7E8F /* AppDelegate.swift in Sources */ = {isa = PBXBuildFile; fileRef = F9EF2EDE2AB0C0C3001D7E8F /* AppDelegate.swift */; };
		F9EF2EE12AB0C0C3001D7E8F /* SceneDelegate.swift in Sources */ = {isa = PBXBuildFile; fileRef = F9EF2EE02AB0C0C3001D7E8F /* SceneDelegate.swift */; };
		F9EF2EE32AB0C0C3001D7E8F /* ViewController.swift in Sources */ = {isa = PBXBuildFile; fileRef = F9EF2EE22AB0C0C3001D7E8F /* ViewController.swift */; };
		F9EF2EE62AB0C0C3001D7E8F /* Main.storyboard in Resources */ = {isa = PBXBuildFile; fileRef = F9EF2EE42AB0C0C3001D7E8F /* Main.storyboard */; };
		F9EF2EE82AB0C0C4001D7E8F /* Assets.xcassets in Resources */ = {isa = PBXBuildFile; fileRef = F9EF2EE72AB0C0C4001D7E8F /* Assets.xcassets */; };
		F9EF2EEB2AB0C0C4001D7E8F /* LaunchScreen.storyboard in Resources */ = {isa = PBXBuildFile; fileRef = F9EF2EE92AB0C0C4001D7E8F /* LaunchScreen.storyboard */; };
		F9EF2EF42AB0C0DB001D7E8F /* SnapKit in Frameworks */ = {isa = PBXBuildFile; productRef = F9EF2EF32AB0C0DB001D7E8F /* SnapKit */; };
		F9EF2EF72AB0C102001D7E8F /* RxCocoa in Frameworks */ = {isa = PBXBuildFile; productRef = F9EF2EF62AB0C102001D7E8F /* RxCocoa */; };
		F9EF2EF92AB0C102001D7E8F /* RxRelay in Frameworks */ = {isa = PBXBuildFile; productRef = F9EF2EF82AB0C102001D7E8F /* RxRelay */; };
		F9EF2EFB2AB0C102001D7E8F /* RxSwift in Frameworks */ = {isa = PBXBuildFile; productRef = F9EF2EFA2AB0C102001D7E8F /* RxSwift */; };
		F9EF2EFE2AB0C1A0001D7E8F /* FirstController.swift in Sources */ = {isa = PBXBuildFile; fileRef = F9EF2EFD2AB0C1A0001D7E8F /* FirstController.swift */; };
		F9EF2F012AB0C1CB001D7E8F /* MyListTableView.swift in Sources */ = {isa = PBXBuildFile; fileRef = F9EF2F002AB0C1CB001D7E8F /* MyListTableView.swift */; };
		F9EF2F032AB0C251001D7E8F /* DummyDataModel.swift in Sources */ = {isa = PBXBuildFile; fileRef = F9EF2F022AB0C251001D7E8F /* DummyDataModel.swift */; };
		F9EF2F062AB0C2DF001D7E8F /* Alamofire in Frameworks */ = {isa = PBXBuildFile; productRef = F9EF2F052AB0C2DF001D7E8F /* Alamofire */; };
		F9EF2F092AB0C35B001D7E8F /* UserCell.swift in Sources */ = {isa = PBXBuildFile; fileRef = F9EF2F072AB0C35B001D7E8F /* UserCell.swift */; };
		F9EF2F0A2AB0C35B001D7E8F /* UserCell.xib in Resources */ = {isa = PBXBuildFile; fileRef = F9EF2F082AB0C35B001D7E8F /* UserCell.xib */; };
		F9EF2F0C2AB0C4E8001D7E8F /* UserNetworkManager.swift in Sources */ = {isa = PBXBuildFile; fileRef = F9EF2F0B2AB0C4E8001D7E8F /* UserNetworkManager.swift */; };
		F9EF2F0E2AB0C5B4001D7E8F /* FirstViewModel.swift in Sources */ = {isa = PBXBuildFile; fileRef = F9EF2F0D2AB0C5B4001D7E8F /* FirstViewModel.swift */; };
		F9EF2F112AB0C74E001D7E8F /* Kingfisher in Frameworks */ = {isa = PBXBuildFile; productRef = F9EF2F102AB0C74E001D7E8F /* Kingfisher */; };
		F9EF2F142AB0C963001D7E8F /* SecondController.swift in Sources */ = {isa = PBXBuildFile; fileRef = F9EF2F132AB0C963001D7E8F /* SecondController.swift */; };
		F9EF2F162AB0C968001D7E8F /* SecondViewModel.swift in Sources */ = {isa = PBXBuildFile; fileRef = F9EF2F152AB0C968001D7E8F /* SecondViewModel.swift */; };
/* End PBXBuildFile section */

/* Begin PBXFileReference section */
		F9EF2EDB2AB0C0C3001D7E8F /* ExampleReuseTableView.app */ = {isa = PBXFileReference; explicitFileType = wrapper.application; includeInIndex = 0; path = ExampleReuseTableView.app; sourceTree = BUILT_PRODUCTS_DIR; };
		F9EF2EDE2AB0C0C3001D7E8F /* AppDelegate.swift */ = {isa = PBXFileReference; lastKnownFileType = sourcecode.swift; path = AppDelegate.swift; sourceTree = "<group>"; };
		F9EF2EE02AB0C0C3001D7E8F /* SceneDelegate.swift */ = {isa = PBXFileReference; lastKnownFileType = sourcecode.swift; path = SceneDelegate.swift; sourceTree = "<group>"; };
		F9EF2EE22AB0C0C3001D7E8F /* ViewController.swift */ = {isa = PBXFileReference; lastKnownFileType = sourcecode.swift; path = ViewController.swift; sourceTree = "<group>"; };
		F9EF2EE52AB0C0C3001D7E8F /* Base */ = {isa = PBXFileReference; lastKnownFileType = file.storyboard; name = Base; path = Base.lproj/Main.storyboard; sourceTree = "<group>"; };
		F9EF2EE72AB0C0C4001D7E8F /* Assets.xcassets */ = {isa = PBXFileReference; lastKnownFileType = folder.assetcatalog; path = Assets.xcassets; sourceTree = "<group>"; };
		F9EF2EEA2AB0C0C4001D7E8F /* Base */ = {isa = PBXFileReference; lastKnownFileType = file.storyboard; name = Base; path = Base.lproj/LaunchScreen.storyboard; sourceTree = "<group>"; };
		F9EF2EEC2AB0C0C4001D7E8F /* Info.plist */ = {isa = PBXFileReference; lastKnownFileType = text.plist.xml; path = Info.plist; sourceTree = "<group>"; };
		F9EF2EFD2AB0C1A0001D7E8F /* FirstController.swift */ = {isa = PBXFileReference; lastKnownFileType = sourcecode.swift; path = FirstController.swift; sourceTree = "<group>"; };
		F9EF2F002AB0C1CB001D7E8F /* MyListTableView.swift */ = {isa = PBXFileReference; lastKnownFileType = sourcecode.swift; path = MyListTableView.swift; sourceTree = "<group>"; };
		F9EF2F022AB0C251001D7E8F /* DummyDataModel.swift */ = {isa = PBXFileReference; lastKnownFileType = sourcecode.swift; path = DummyDataModel.swift; sourceTree = "<group>"; };
		F9EF2F072AB0C35B001D7E8F /* UserCell.swift */ = {isa = PBXFileReference; lastKnownFileType = sourcecode.swift; path = UserCell.swift; sourceTree = "<group>"; };
		F9EF2F082AB0C35B001D7E8F /* UserCell.xib */ = {isa = PBXFileReference; lastKnownFileType = file.xib; path = UserCell.xib; sourceTree = "<group>"; };
		F9EF2F0B2AB0C4E8001D7E8F /* UserNetworkManager.swift */ = {isa = PBXFileReference; lastKnownFileType = sourcecode.swift; path = UserNetworkManager.swift; sourceTree = "<group>"; };
		F9EF2F0D2AB0C5B4001D7E8F /* FirstViewModel.swift */ = {isa = PBXFileReference; lastKnownFileType = sourcecode.swift; path = FirstViewModel.swift; sourceTree = "<group>"; };
		F9EF2F132AB0C963001D7E8F /* SecondController.swift */ = {isa = PBXFileReference; lastKnownFileType = sourcecode.swift; path = SecondController.swift; sourceTree = "<group>"; };
		F9EF2F152AB0C968001D7E8F /* SecondViewModel.swift */ = {isa = PBXFileReference; lastKnownFileType = sourcecode.swift; path = SecondViewModel.swift; sourceTree = "<group>"; };
/* End PBXFileReference section */

/* Begin PBXFrameworksBuildPhase section */
		F9EF2ED82AB0C0C3001D7E8F /* Frameworks */ = {
			isa = PBXFrameworksBuildPhase;
			buildActionMask = 2147483647;
			files = (
				F9EF2F112AB0C74E001D7E8F /* Kingfisher in Frameworks */,
				F9EF2F062AB0C2DF001D7E8F /* Alamofire in Frameworks */,
				F9EF2EF92AB0C102001D7E8F /* RxRelay in Frameworks */,
				F9EF2EF72AB0C102001D7E8F /* RxCocoa in Frameworks */,
				F9EF2EFB2AB0C102001D7E8F /* RxSwift in Frameworks */,
				F9EF2EF42AB0C0DB001D7E8F /* SnapKit in Frameworks */,
			);
			runOnlyForDeploymentPostprocessing = 0;
		};
/* End PBXFrameworksBuildPhase section */

/* Begin PBXGroup section */
		F9EF2ED22AB0C0C3001D7E8F = {
			isa = PBXGroup;
			children = (
				F9EF2EDD2AB0C0C3001D7E8F /* ExampleReuseTableView */,
				F9EF2EDC2AB0C0C3001D7E8F /* Products */,
			);
			sourceTree = "<group>";
		};
		F9EF2EDC2AB0C0C3001D7E8F /* Products */ = {
			isa = PBXGroup;
			children = (
				F9EF2EDB2AB0C0C3001D7E8F /* ExampleReuseTableView.app */,
			);
			name = Products;
			sourceTree = "<group>";
		};
		F9EF2EDD2AB0C0C3001D7E8F /* ExampleReuseTableView */ = {
			isa = PBXGroup;
			children = (
				F9EF2EDE2AB0C0C3001D7E8F /* AppDelegate.swift */,
				F9EF2EE02AB0C0C3001D7E8F /* SceneDelegate.swift */,
				F9EF2EE22AB0C0C3001D7E8F /* ViewController.swift */,
				F9EF2EFF2AB0C1B1001D7E8F /* Common */,
				F9EF2EFC2AB0C184001D7E8F /* FirstScene */,
				F9EF2F122AB0C951001D7E8F /* SecondScene */,
				F9EF2EE42AB0C0C3001D7E8F /* Main.storyboard */,
				F9EF2EE72AB0C0C4001D7E8F /* Assets.xcassets */,
				F9EF2EE92AB0C0C4001D7E8F /* LaunchScreen.storyboard */,
				F9EF2EEC2AB0C0C4001D7E8F /* Info.plist */,
			);
			path = ExampleReuseTableView;
			sourceTree = "<group>";
		};
		F9EF2EFC2AB0C184001D7E8F /* FirstScene */ = {
			isa = PBXGroup;
			children = (
				F9EF2EFD2AB0C1A0001D7E8F /* FirstController.swift */,
				F9EF2F0D2AB0C5B4001D7E8F /* FirstViewModel.swift */,
			);
			path = FirstScene;
			sourceTree = "<group>";
		};
		F9EF2EFF2AB0C1B1001D7E8F /* Common */ = {
			isa = PBXGroup;
			children = (
				F9EF2F022AB0C251001D7E8F /* DummyDataModel.swift */,
				F9EF2F0B2AB0C4E8001D7E8F /* UserNetworkManager.swift */,
				F9EF2F002AB0C1CB001D7E8F /* MyListTableView.swift */,
				F9EF2F072AB0C35B001D7E8F /* UserCell.swift */,
				F9EF2F082AB0C35B001D7E8F /* UserCell.xib */,
			);
			path = Common;
			sourceTree = "<group>";
		};
		F9EF2F122AB0C951001D7E8F /* SecondScene */ = {
			isa = PBXGroup;
			children = (
				F9EF2F132AB0C963001D7E8F /* SecondController.swift */,
				F9EF2F152AB0C968001D7E8F /* SecondViewModel.swift */,
			);
			path = SecondScene;
			sourceTree = "<group>";
		};
/* End PBXGroup section */

/* Begin PBXNativeTarget section */
		F9EF2EDA2AB0C0C3001D7E8F /* ExampleReuseTableView */ = {
			isa = PBXNativeTarget;
			buildConfigurationList = F9EF2EEF2AB0C0C4001D7E8F /* Build configuration list for PBXNativeTarget "ExampleReuseTableView" */;
			buildPhases = (
				F9EF2ED72AB0C0C3001D7E8F /* Sources */,
				F9EF2ED82AB0C0C3001D7E8F /* Frameworks */,
				F9EF2ED92AB0C0C3001D7E8F /* Resources */,
			);
			buildRules = (
			);
			dependencies = (
			);
			name = ExampleReuseTableView;
			packageProductDependencies = (
				F9EF2EF32AB0C0DB001D7E8F /* SnapKit */,
				F9EF2EF62AB0C102001D7E8F /* RxCocoa */,
				F9EF2EF82AB0C102001D7E8F /* RxRelay */,
				F9EF2EFA2AB0C102001D7E8F /* RxSwift */,
				F9EF2F052AB0C2DF001D7E8F /* Alamofire */,
				F9EF2F102AB0C74E001D7E8F /* Kingfisher */,
			);
			productName = ExampleReuseTableView;
			productReference = F9EF2EDB2AB0C0C3001D7E8F /* ExampleReuseTableView.app */;
			productType = "com.apple.product-type.application";
		};
/* End PBXNativeTarget section */

/* Begin PBXProject section */
		F9EF2ED32AB0C0C3001D7E8F /* Project object */ = {
			isa = PBXProject;
			attributes = {
				BuildIndependentTargetsInParallel = 1;
				LastSwiftUpdateCheck = 1430;
				LastUpgradeCheck = 1430;
				TargetAttributes = {
					F9EF2EDA2AB0C0C3001D7E8F = {
						CreatedOnToolsVersion = 14.3;
					};
				};
			};
			buildConfigurationList = F9EF2ED62AB0C0C3001D7E8F /* Build configuration list for PBXProject "ExampleReuseTableView" */;
			compatibilityVersion = "Xcode 14.0";
			developmentRegion = en;
			hasScannedForEncodings = 0;
			knownRegions = (
				en,
				Base,
			);
			mainGroup = F9EF2ED22AB0C0C3001D7E8F;
			packageReferences = (
				F9EF2EF22AB0C0DB001D7E8F /* XCRemoteSwiftPackageReference "SnapKit" */,
				F9EF2EF52AB0C102001D7E8F /* XCRemoteSwiftPackageReference "RxSwift" */,
				F9EF2F042AB0C2DE001D7E8F /* XCRemoteSwiftPackageReference "Alamofire" */,
				F9EF2F0F2AB0C74E001D7E8F /* XCRemoteSwiftPackageReference "Kingfisher" */,
			);
			productRefGroup = F9EF2EDC2AB0C0C3001D7E8F /* Products */;
			projectDirPath = "";
			projectRoot = "";
			targets = (
				F9EF2EDA2AB0C0C3001D7E8F /* ExampleReuseTableView */,
			);
		};
/* End PBXProject section */

/* Begin PBXResourcesBuildPhase section */
		F9EF2ED92AB0C0C3001D7E8F /* Resources */ = {
			isa = PBXResourcesBuildPhase;
			buildActionMask = 2147483647;
			files = (
				F9EF2F0A2AB0C35B001D7E8F /* UserCell.xib in Resources */,
				F9EF2EEB2AB0C0C4001D7E8F /* LaunchScreen.storyboard in Resources */,
				F9EF2EE82AB0C0C4001D7E8F /* Assets.xcassets in Resources */,
				F9EF2EE62AB0C0C3001D7E8F /* Main.storyboard in Resources */,
			);
			runOnlyForDeploymentPostprocessing = 0;
		};
/* End PBXResourcesBuildPhase section */

/* Begin PBXSourcesBuildPhase section */
		F9EF2ED72AB0C0C3001D7E8F /* Sources */ = {
			isa = PBXSourcesBuildPhase;
			buildActionMask = 2147483647;
			files = (
				F9EF2EFE2AB0C1A0001D7E8F /* FirstController.swift in Sources */,
				F9EF2EE32AB0C0C3001D7E8F /* ViewController.swift in Sources */,
				F9EF2EDF2AB0C0C3001D7E8F /* AppDelegate.swift in Sources */,
				F9EF2F012AB0C1CB001D7E8F /* MyListTableView.swift in Sources */,
				F9EF2F032AB0C251001D7E8F /* DummyDataModel.swift in Sources */,
				F9EF2EE12AB0C0C3001D7E8F /* SceneDelegate.swift in Sources */,
				F9EF2F092AB0C35B001D7E8F /* UserCell.swift in Sources */,
				F9EF2F162AB0C968001D7E8F /* SecondViewModel.swift in Sources */,
				F9EF2F0E2AB0C5B4001D7E8F /* FirstViewModel.swift in Sources */,
				F9EF2F0C2AB0C4E8001D7E8F /* UserNetworkManager.swift in Sources */,
				F9EF2F142AB0C963001D7E8F /* SecondController.swift in Sources */,
			);
			runOnlyForDeploymentPostprocessing = 0;
		};
/* End PBXSourcesBuildPhase section */

/* Begin PBXVariantGroup section */
		F9EF2EE42AB0C0C3001D7E8F /* Main.storyboard */ = {
			isa = PBXVariantGroup;
			children = (
				F9EF2EE52AB0C0C3001D7E8F /* Base */,
			);
			name = Main.storyboard;
			sourceTree = "<group>";
		};
		F9EF2EE92AB0C0C4001D7E8F /* LaunchScreen.storyboard */ = {
			isa = PBXVariantGroup;
			children = (
				F9EF2EEA2AB0C0C4001D7E8F /* Base */,
			);
			name = LaunchScreen.storyboard;
			sourceTree = "<group>";
		};
/* End PBXVariantGroup section */

/* Begin XCBuildConfiguration section */
		F9EF2EED2AB0C0C4001D7E8F /* Debug */ = {
			isa = XCBuildConfiguration;
			buildSettings = {
				ALWAYS_SEARCH_USER_PATHS = NO;
				CLANG_ANALYZER_NONNULL = YES;
				CLANG_ANALYZER_NUMBER_OBJECT_CONVERSION = YES_AGGRESSIVE;
				CLANG_CXX_LANGUAGE_STANDARD = "gnu++20";
				CLANG_ENABLE_MODULES = YES;
				CLANG_ENABLE_OBJC_ARC = YES;
				CLANG_ENABLE_OBJC_WEAK = YES;
				CLANG_WARN_BLOCK_CAPTURE_AUTORELEASING = YES;
				CLANG_WARN_BOOL_CONVERSION = YES;
				CLANG_WARN_COMMA = YES;
				CLANG_WARN_CONSTANT_CONVERSION = YES;
				CLANG_WARN_DEPRECATED_OBJC_IMPLEMENTATIONS = YES;
				CLANG_WARN_DIRECT_OBJC_ISA_USAGE = YES_ERROR;
				CLANG_WARN_DOCUMENTATION_COMMENTS = YES;
				CLANG_WARN_EMPTY_BODY = YES;
				CLANG_WARN_ENUM_CONVERSION = YES;
				CLANG_WARN_INFINITE_RECURSION = YES;
				CLANG_WARN_INT_CONVERSION = YES;
				CLANG_WARN_NON_LITERAL_NULL_CONVERSION = YES;
				CLANG_WARN_OBJC_IMPLICIT_RETAIN_SELF = YES;
				CLANG_WARN_OBJC_LITERAL_CONVERSION = YES;
				CLANG_WARN_OBJC_ROOT_CLASS = YES_ERROR;
				CLANG_WARN_QUOTED_INCLUDE_IN_FRAMEWORK_HEADER = YES;
				CLANG_WARN_RANGE_LOOP_ANALYSIS = YES;
				CLANG_WARN_STRICT_PROTOTYPES = YES;
				CLANG_WARN_SUSPICIOUS_MOVE = YES;
				CLANG_WARN_UNGUARDED_AVAILABILITY = YES_AGGRESSIVE;
				CLANG_WARN_UNREACHABLE_CODE = YES;
				CLANG_WARN__DUPLICATE_METHOD_MATCH = YES;
				COPY_PHASE_STRIP = NO;
				DEBUG_INFORMATION_FORMAT = dwarf;
				ENABLE_STRICT_OBJC_MSGSEND = YES;
				ENABLE_TESTABILITY = YES;
				GCC_C_LANGUAGE_STANDARD = gnu11;
				GCC_DYNAMIC_NO_PIC = NO;
				GCC_NO_COMMON_BLOCKS = YES;
				GCC_OPTIMIZATION_LEVEL = 0;
				GCC_PREPROCESSOR_DEFINITIONS = (
					"DEBUG=1",
					"$(inherited)",
				);
				GCC_WARN_64_TO_32_BIT_CONVERSION = YES;
				GCC_WARN_ABOUT_RETURN_TYPE = YES_ERROR;
				GCC_WARN_UNDECLARED_SELECTOR = YES;
				GCC_WARN_UNINITIALIZED_AUTOS = YES_AGGRESSIVE;
				GCC_WARN_UNUSED_FUNCTION = YES;
				GCC_WARN_UNUSED_VARIABLE = YES;
				IPHONEOS_DEPLOYMENT_TARGET = 16.4;
				MTL_ENABLE_DEBUG_INFO = INCLUDE_SOURCE;
				MTL_FAST_MATH = YES;
				ONLY_ACTIVE_ARCH = YES;
				SDKROOT = iphoneos;
				SWIFT_ACTIVE_COMPILATION_CONDITIONS = DEBUG;
				SWIFT_OPTIMIZATION_LEVEL = "-Onone";
			};
			name = Debug;
		};
		F9EF2EEE2AB0C0C4001D7E8F /* Release */ = {
			isa = XCBuildConfiguration;
			buildSettings = {
				ALWAYS_SEARCH_USER_PATHS = NO;
				CLANG_ANALYZER_NONNULL = YES;
				CLANG_ANALYZER_NUMBER_OBJECT_CONVERSION = YES_AGGRESSIVE;
				CLANG_CXX_LANGUAGE_STANDARD = "gnu++20";
				CLANG_ENABLE_MODULES = YES;
				CLANG_ENABLE_OBJC_ARC = YES;
				CLANG_ENABLE_OBJC_WEAK = YES;
				CLANG_WARN_BLOCK_CAPTURE_AUTORELEASING = YES;
				CLANG_WARN_BOOL_CONVERSION = YES;
				CLANG_WARN_COMMA = YES;
				CLANG_WARN_CONSTANT_CONVERSION = YES;
				CLANG_WARN_DEPRECATED_OBJC_IMPLEMENTATIONS = YES;
				CLANG_WARN_DIRECT_OBJC_ISA_USAGE = YES_ERROR;
				CLANG_WARN_DOCUMENTATION_COMMENTS = YES;
				CLANG_WARN_EMPTY_BODY = YES;
				CLANG_WARN_ENUM_CONVERSION = YES;
				CLANG_WARN_INFINITE_RECURSION = YES;
				CLANG_WARN_INT_CONVERSION = YES;
				CLANG_WARN_NON_LITERAL_NULL_CONVERSION = YES;
				CLANG_WARN_OBJC_IMPLICIT_RETAIN_SELF = YES;
				CLANG_WARN_OBJC_LITERAL_CONVERSION = YES;
				CLANG_WARN_OBJC_ROOT_CLASS = YES_ERROR;
				CLANG_WARN_QUOTED_INCLUDE_IN_FRAMEWORK_HEADER = YES;
				CLANG_WARN_RANGE_LOOP_ANALYSIS = YES;
				CLANG_WARN_STRICT_PROTOTYPES = YES;
				CLANG_WARN_SUSPICIOUS_MOVE = YES;
				CLANG_WARN_UNGUARDED_AVAILABILITY = YES_AGGRESSIVE;
				CLANG_WARN_UNREACHABLE_CODE = YES;
				CLANG_WARN__DUPLICATE_METHOD_MATCH = YES;
				COPY_PHASE_STRIP = NO;
				DEBUG_INFORMATION_FORMAT = "dwarf-with-dsym";
				ENABLE_NS_ASSERTIONS = NO;
				ENABLE_STRICT_OBJC_MSGSEND = YES;
				GCC_C_LANGUAGE_STANDARD = gnu11;
				GCC_NO_COMMON_BLOCKS = YES;
				GCC_WARN_64_TO_32_BIT_CONVERSION = YES;
				GCC_WARN_ABOUT_RETURN_TYPE = YES_ERROR;
				GCC_WARN_UNDECLARED_SELECTOR = YES;
				GCC_WARN_UNINITIALIZED_AUTOS = YES_AGGRESSIVE;
				GCC_WARN_UNUSED_FUNCTION = YES;
				GCC_WARN_UNUSED_VARIABLE = YES;
				IPHONEOS_DEPLOYMENT_TARGET = 16.4;
				MTL_ENABLE_DEBUG_INFO = NO;
				MTL_FAST_MATH = YES;
				SDKROOT = iphoneos;
				SWIFT_COMPILATION_MODE = wholemodule;
				SWIFT_OPTIMIZATION_LEVEL = "-O";
				VALIDATE_PRODUCT = YES;
			};
			name = Release;
		};
		F9EF2EF02AB0C0C4001D7E8F /* Debug */ = {
			isa = XCBuildConfiguration;
			buildSettings = {
				ASSETCATALOG_COMPILER_APPICON_NAME = AppIcon;
				ASSETCATALOG_COMPILER_GLOBAL_ACCENT_COLOR_NAME = AccentColor;
				CODE_SIGN_STYLE = Automatic;
				CURRENT_PROJECT_VERSION = 1;
				DEVELOPMENT_TEAM = 846TMZL7WC;
				GENERATE_INFOPLIST_FILE = YES;
				INFOPLIST_FILE = ExampleReuseTableView/Info.plist;
				INFOPLIST_KEY_UIApplicationSupportsIndirectInputEvents = YES;
				INFOPLIST_KEY_UILaunchStoryboardName = LaunchScreen;
				INFOPLIST_KEY_UIMainStoryboardFile = Main;
				INFOPLIST_KEY_UISupportedInterfaceOrientations_iPad = "UIInterfaceOrientationPortrait UIInterfaceOrientationPortraitUpsideDown UIInterfaceOrientationLandscapeLeft UIInterfaceOrientationLandscapeRight";
				INFOPLIST_KEY_UISupportedInterfaceOrientations_iPhone = "UIInterfaceOrientationPortrait UIInterfaceOrientationLandscapeLeft UIInterfaceOrientationLandscapeRight";
				LD_RUNPATH_SEARCH_PATHS = (
					"$(inherited)",
					"@executable_path/Frameworks",
				);
				MARKETING_VERSION = 1.0;
				PRODUCT_BUNDLE_IDENTIFIER = jisuKim.ExampleReuseTableView;
				PRODUCT_NAME = "$(TARGET_NAME)";
				SWIFT_EMIT_LOC_STRINGS = YES;
				SWIFT_VERSION = 5.0;
				TARGETED_DEVICE_FAMILY = "1,2";
			};
			name = Debug;
		};
		F9EF2EF12AB0C0C4001D7E8F /* Release */ = {
			isa = XCBuildConfiguration;
			buildSettings = {
				ASSETCATALOG_COMPILER_APPICON_NAME = AppIcon;
				ASSETCATALOG_COMPILER_GLOBAL_ACCENT_COLOR_NAME = AccentColor;
				CODE_SIGN_STYLE = Automatic;
				CURRENT_PROJECT_VERSION = 1;
				DEVELOPMENT_TEAM = 846TMZL7WC;
				GENERATE_INFOPLIST_FILE = YES;
				INFOPLIST_FILE = ExampleReuseTableView/Info.plist;
				INFOPLIST_KEY_UIApplicationSupportsIndirectInputEvents = YES;
				INFOPLIST_KEY_UILaunchStoryboardName = LaunchScreen;
				INFOPLIST_KEY_UIMainStoryboardFile = Main;
				INFOPLIST_KEY_UISupportedInterfaceOrientations_iPad = "UIInterfaceOrientationPortrait UIInterfaceOrientationPortraitUpsideDown UIInterfaceOrientationLandscapeLeft UIInterfaceOrientationLandscapeRight";
				INFOPLIST_KEY_UISupportedInterfaceOrientations_iPhone = "UIInterfaceOrientationPortrait UIInterfaceOrientationLandscapeLeft UIInterfaceOrientationLandscapeRight";
				LD_RUNPATH_SEARCH_PATHS = (
					"$(inherited)",
					"@executable_path/Frameworks",
				);
				MARKETING_VERSION = 1.0;
				PRODUCT_BUNDLE_IDENTIFIER = jisuKim.ExampleReuseTableView;
				PRODUCT_NAME = "$(TARGET_NAME)";
				SWIFT_EMIT_LOC_STRINGS = YES;
				SWIFT_VERSION = 5.0;
				TARGETED_DEVICE_FAMILY = "1,2";
			};
			name = Release;
		};
/* End XCBuildConfiguration section */

/* Begin XCConfigurationList section */
		F9EF2ED62AB0C0C3001D7E8F /* Build configuration list for PBXProject "ExampleReuseTableView" */ = {
			isa = XCConfigurationList;
			buildConfigurations = (
				F9EF2EED2AB0C0C4001D7E8F /* Debug */,
				F9EF2EEE2AB0C0C4001D7E8F /* Release */,
			);
			defaultConfigurationIsVisible = 0;
			defaultConfigurationName = Release;
		};
		F9EF2EEF2AB0C0C4001D7E8F /* Build configuration list for PBXNativeTarget "ExampleReuseTableView" */ = {
			isa = XCConfigurationList;
			buildConfigurations = (
				F9EF2EF02AB0C0C4001D7E8F /* Debug */,
				F9EF2EF12AB0C0C4001D7E8F /* Release */,
			);
			defaultConfigurationIsVisible = 0;
			defaultConfigurationName = Release;
		};
/* End XCConfigurationList section */

/* Begin XCRemoteSwiftPackageReference section */
		F9EF2EF22AB0C0DB001D7E8F /* XCRemoteSwiftPackageReference "SnapKit" */ = {
			isa = XCRemoteSwiftPackageReference;
			repositoryURL = "https://github.com/SnapKit/SnapKit.git";
			requirement = {
				kind = upToNextMajorVersion;
				minimumVersion = 5.0.0;
			};
		};
		F9EF2EF52AB0C102001D7E8F /* XCRemoteSwiftPackageReference "RxSwift" */ = {
			isa = XCRemoteSwiftPackageReference;
			repositoryURL = "https://github.com/ReactiveX/RxSwift.git";
			requirement = {
				kind = upToNextMajorVersion;
				minimumVersion = 6.0.0;
			};
		};
		F9EF2F042AB0C2DE001D7E8F /* XCRemoteSwiftPackageReference "Alamofire" */ = {
			isa = XCRemoteSwiftPackageReference;
			repositoryURL = "https://github.com/Alamofire/Alamofire.git";
			requirement = {
				kind = upToNextMajorVersion;
				minimumVersion = 5.0.0;
			};
		};
		F9EF2F0F2AB0C74E001D7E8F /* XCRemoteSwiftPackageReference "Kingfisher" */ = {
			isa = XCRemoteSwiftPackageReference;
			repositoryURL = "https://github.com/onevcat/Kingfisher.git";
			requirement = {
				kind = upToNextMajorVersion;
				minimumVersion = 7.0.0;
			};
		};
/* End XCRemoteSwiftPackageReference section */

/* Begin XCSwiftPackageProductDependency section */
		F9EF2EF32AB0C0DB001D7E8F /* SnapKit */ = {
			isa = XCSwiftPackageProductDependency;
			package = F9EF2EF22AB0C0DB001D7E8F /* XCRemoteSwiftPackageReference "SnapKit" */;
			productName = SnapKit;
		};
		F9EF2EF62AB0C102001D7E8F /* RxCocoa */ = {
			isa = XCSwiftPackageProductDependency;
			package = F9EF2EF52AB0C102001D7E8F /* XCRemoteSwiftPackageReference "RxSwift" */;
			productName = RxCocoa;
		};
		F9EF2EF82AB0C102001D7E8F /* RxRelay */ = {
			isa = XCSwiftPackageProductDependency;
			package = F9EF2EF52AB0C102001D7E8F /* XCRemoteSwiftPackageReference "RxSwift" */;
			productName = RxRelay;
		};
		F9EF2EFA2AB0C102001D7E8F /* RxSwift */ = {
			isa = XCSwiftPackageProductDependency;
			package = F9EF2EF52AB0C102001D7E8F /* XCRemoteSwiftPackageReference "RxSwift" */;
			productName = RxSwift;
		};
		F9EF2F052AB0C2DF001D7E8F /* Alamofire */ = {
			isa = XCSwiftPackageProductDependency;
			package = F9EF2F042AB0C2DE001D7E8F /* XCRemoteSwiftPackageReference "Alamofire" */;
			productName = Alamofire;
		};
		F9EF2F102AB0C74E001D7E8F /* Kingfisher */ = {
			isa = XCSwiftPackageProductDependency;
			package = F9EF2F0F2AB0C74E001D7E8F /* XCRemoteSwiftPackageReference "Kingfisher" */;
			productName = Kingfisher;
		};
/* End XCSwiftPackageProductDependency section */
	};
	rootObject = F9EF2ED32AB0C0C3001D7E8F /* Project object */;
}
